{
  "name": "frontend",
  "lockfileVersion": 3,
  "requires": true,
  "packages": {
    "": {
      "dependencies": {
        "backend": "file:.."
      }
    },
    "..": {
      "version": "1.0.0",
      "license": "ISC",
      "dependencies": {
        "bcrypt": "^5.1.1",
        "bcryptjs": "^2.4.3",
        "chart.js": "^4.4.3",
        "cookie-parser": "^1.4.6",
        "cors": "^2.8.5",
        "dotenv": "^16.4.5",
        "express": "^4.19.2",
        "jsonwebtoken": "^9.0.2",
        "mongoose": "^8.5.1",
        "pdfkit": "^0.15.0"
      },
      "devDependencies": {
        "nodemon": "^3.1.4"
      }
    },
    "node_modules/backend": {
      "resolved": "..",
      "link": true
    }
  }
}
